
Microsoft Visual Studio Solution File, Format Version 12.00
# Visual Studio 14
VisualStudioVersion = 14.0.25420.1
MinimumVisualStudioVersion = 10.0.40219.1
Project("{FAE04EC0-301F-11D3-BF4B-00C04F79EFBC}") = "BTC", "BTC\BTC.csproj", "{A08D80D1-9362-404C-933C-E19648A76672}"
EndProject
Project("{FAE04EC0-301F-11D3-BF4B-00C04F79EFBC}") = "BTC.Tests", "BTC.Tests\BTC.Tests.csproj", "{3ECBB87C-A260-4178-92A5-F2DC6CAD0612}"
EndProject
Project("{FAE04EC0-301F-11D3-BF4B-00C04F79EFBC}") = "DAL", "DAL\DAL.csproj", "{479B2555-244A-48DD-ADCB-3414B104E02E}"
EndProject
Global
	GlobalSection(SolutionConfigurationPlatforms) = preSolution
		Debug|Any CPU = Debug|Any CPU
		Release|Any CPU = Release|Any CPU
	EndGlobalSection
	GlobalSection(ProjectConfigurationPlatforms) = postSolution
		{A08D80D1-9362-404C-933C-E19648A76672}.Debug|Any CPU.ActiveCfg = Debug|Any CPU
		{A08D80D1-9362-404C-933C-E19648A76672}.Debug|Any CPU.Build.0 = Debug|Any CPU
		{A08D80D1-9362-404C-933C-E19648A76672}.Release|Any CPU.ActiveCfg = Release|Any CPU
		{A08D80D1-9362-404C-933C-E19648A76672}.Release|Any CPU.Build.0 = Release|Any CPU
		{3ECBB87C-A260-4178-92A5-F2DC6CAD0612}.Debug|Any CPU.ActiveCfg = Debug|Any CPU
		{3ECBB87C-A260-4178-92A5-F2DC6CAD0612}.Debug|Any CPU.Build.0 = Debug|Any CPU
		{3ECBB87C-A260-4178-92A5-F2DC6CAD0612}.Release|Any CPU.ActiveCfg = Release|Any CPU
		{3ECBB87C-A260-4178-92A5-F2DC6CAD0612}.Release|Any CPU.Build.0 = Release|Any CPU
		{479B2555-244A-48DD-ADCB-3414B104E02E}.Debug|Any CPU.ActiveCfg = Debug|Any CPU
		{479B2555-244A-48DD-ADCB-3414B104E02E}.Debug|Any CPU.Build.0 = Debug|Any CPU
		{479B2555-244A-48DD-ADCB-3414B104E02E}.Release|Any CPU.ActiveCfg = Release|Any CPU
		{479B2555-244A-48DD-ADCB-3414B104E02E}.Release|Any CPU.Build.0 = Release|Any CPU
	EndGlobalSection
	GlobalSection(SolutionProperties) = preSolution
		HideSolutionNode = FALSE
	EndGlobalSection
EndGlobal
